
Microsoft Visual Studio Solution File, Format Version 12.00
# Visual Studio Version 17
VisualStudioVersion = 17.14.36603.0 d17.14
MinimumVisualStudioVersion = 10.0.40219.1
Project("{FAE04EC0-301F-11D3-BF4B-00C04F79EFBC}") = "SkinPAI.API", "SkinPAI.API\SkinPAI.API.csproj", "{58C2B08A-9FFA-4A7E-B0A9-FF66F364D6DA}"
EndProject
Global
	GlobalSection(SolutionConfigurationPlatforms) = preSolution
		Debug|Any CPU = Debug|Any CPU
		Release|Any CPU = Release|Any CPU
	EndGlobalSection
	GlobalSection(ProjectConfigurationPlatforms) = postSolution
		{58C2B08A-9FFA-4A7E-B0A9-FF66F364D6DA}.Debug|Any CPU.ActiveCfg = Debug|Any CPU
		{58C2B08A-9FFA-4A7E-B0A9-FF66F364D6DA}.Debug|Any CPU.Build.0 = Debug|Any CPU
		{58C2B08A-9FFA-4A7E-B0A9-FF66F364D6DA}.Release|Any CPU.ActiveCfg = Release|Any CPU
		{58C2B08A-9FFA-4A7E-B0A9-FF66F364D6DA}.Release|Any CPU.Build.0 = Release|Any CPU
	EndGlobalSection
	GlobalSection(SolutionProperties) = preSolution
		HideSolutionNode = FALSE
	EndGlobalSection
	GlobalSection(ExtensibilityGlobals) = postSolution
		SolutionGuid = {D8A6BA5A-81DE-4237-8C2F-ACD96A9DBAC5}
	EndGlobalSection
EndGlobal
